
Microsoft Visual Studio Solution File, Format Version 12.00
# Visual Studio 2012
Project("{FAE04EC0-301F-11D3-BF4B-00C04F79EFBC}") = "SPC.WebUI", "SPC.WebUI\SPC.WebUI.csproj", "{6BD7D523-1A32-4B9C-B8D6-83E3052958A9}"
EndProject
Project("{2150E333-8FDC-42A3-9474-1A3956D46DE8}") = "01. Business Access Layer", "01. Business Access Layer", "{4737AB75-B56E-4968-BBF3-287F78968E43}"
EndProject
Project("{2150E333-8FDC-42A3-9474-1A3956D46DE8}") = "02. Data Access Layer", "02. Data Access Layer", "{DD8074B1-90CB-46C3-B11A-9EB6203CB442}"
EndProject
Project("{2150E333-8FDC-42A3-9474-1A3956D46DE8}") = "03. Presentation Layer", "03. Presentation Layer", "{EE46FB1E-D1C4-4FD7-A0F1-F0886E878E1A}"
EndProject
Project("{FAE04EC0-301F-11D3-BF4B-00C04F79EFBC}") = "SPC.Common.Biz", "SPC.Common.Biz\SPC.Common.Biz.csproj", "{4332E3A4-7521-458C-A864-06FA1E5B7A5E}"
EndProject
Project("{FAE04EC0-301F-11D3-BF4B-00C04F79EFBC}") = "SPC.Common.Dac", "SPC.Common.Dac\SPC.Common.Dac.csproj", "{E08F18D5-8C4F-4D75-8F46-B0C95B497305}"
EndProject
Project("{FAE04EC0-301F-11D3-BF4B-00C04F79EFBC}") = "SPC.WebUI.Common", "SPC.WebUI\Common\SPC.WebUI.Common.csproj", "{46B2D5C2-422C-41CB-8163-1E3868143897}"
EndProject
Project("{2150E333-8FDC-42A3-9474-1A3956D46DE8}") = "04. Class Library", "04. Class Library", "{8071BB26-9EB5-4B51-82A6-CD6FBB697166}"
	ProjectSection(SolutionItems) = preProject
		SPC.WebUI\Web.config = SPC.WebUI\Web.config
		SPC.WebUI\Web.Debug.config = SPC.WebUI\Web.Debug.config
		SPC.WebUI\Web.Release.config = SPC.WebUI\Web.Release.config
	EndProjectSection
EndProject
Project("{2150E333-8FDC-42A3-9474-1A3956D46DE8}") = "05. WebForm Content Sample", "05. WebForm Content Sample", "{D8BDEC83-315F-4F47-B65A-B375B65A6578}"
	ProjectSection(SolutionItems) = preProject
		DevGridBatchSample.txt = DevGridBatchSample.txt
		DevGridSample.txt = DevGridSample.txt
		WebFormFrontSample.txt = WebFormFrontSample.txt
		WebFormSourceSample.txt = WebFormSourceSample.txt
	EndProjectSection
EndProject
Project("{FAE04EC0-301F-11D3-BF4B-00C04F79EFBC}") = "SPC.User.Dac", "SPC.User.Dac\SPC.User.Dac.csproj", "{CA70542A-EBDF-4C9C-B77F-4068C761A68A}"
EndProject
Project("{FAE04EC0-301F-11D3-BF4B-00C04F79EFBC}") = "SPC.User.Biz", "SPC.User.Biz\SPC.User.Biz.csproj", "{74E4408C-5612-42D9-90A8-8630A204D295}"
EndProject
Project("{FAE04EC0-301F-11D3-BF4B-00C04F79EFBC}") = "SPC.PFRC.Dac", "SPC.PFRC.Dac\SPC.PFRC.Dac.csproj", "{EBC59E47-BBC4-471B-BADD-CFC7C4E7AB9B}"
EndProject
Project("{FAE04EC0-301F-11D3-BF4B-00C04F79EFBC}") = "SPC.PFRC.Biz", "SPC.PFRC.Biz\SPC.PFRC.Biz.csproj", "{3E43491F-0B61-42E2-8064-F9E4361D7E4A}"
EndProject
Project("{FAE04EC0-301F-11D3-BF4B-00C04F79EFBC}") = "SPC.BSIF.Biz", "SPC.BSIF.Biz\SPC.BSIF.Biz.csproj", "{149C411B-E69C-4223-BA1B-099F70CAB29F}"
EndProject
Project("{FAE04EC0-301F-11D3-BF4B-00C04F79EFBC}") = "SPC.BSIF.Dac", "SPC.BSIF.Dac\SPC.BSIF.Dac.csproj", "{9349A73F-019D-4B7B-9433-EB89069FE33D}"
EndProject
Project("{FAE04EC0-301F-11D3-BF4B-00C04F79EFBC}") = "SPC.SYST.Dac", "SPC.SYST.Dac\SPC.SYST.Dac.csproj", "{9E17C41B-A4FA-4EDE-A64D-2E84A60D3ADB}"
EndProject
Project("{FAE04EC0-301F-11D3-BF4B-00C04F79EFBC}") = "SPC.SYST.Biz", "SPC.SYST.Biz\SPC.SYST.Biz.csproj", "{873AE6AF-DF0A-4EB7-AB4D-203C7ACAFBE6}"
EndProject
Project("{FAE04EC0-301F-11D3-BF4B-00C04F79EFBC}") = "SPC.WKSD.Dac", "SPC.WKSD.Dac\SPC.WKSD.Dac.csproj", "{7DA418E9-488F-4307-A43B-778995576673}"
EndProject
Project("{FAE04EC0-301F-11D3-BF4B-00C04F79EFBC}") = "SPC.WKSD.Biz", "SPC.WKSD.Biz\SPC.WKSD.Biz.csproj", "{6084A9A2-74CF-4A02-9831-669164218550}"
EndProject
Project("{FAE04EC0-301F-11D3-BF4B-00C04F79EFBC}") = "SPC.SPMT.Dac", "SPC.SPMT.Dac\SPC.SPMT.Dac.csproj", "{5525556D-2B98-46AF-9056-058735A7EFA7}"
EndProject
Project("{FAE04EC0-301F-11D3-BF4B-00C04F79EFBC}") = "SPC.SPMT.Biz", "SPC.SPMT.Biz\SPC.SPMT.Biz.csproj", "{4640D235-14C1-4B18-93E1-4077383F67F5}"
EndProject
Project("{FAE04EC0-301F-11D3-BF4B-00C04F79EFBC}") = "SPC.ADTR.Biz", "SPC.ADTR.Biz\SPC.ADTR.Biz.csproj", "{C12621EA-3BC1-424C-BB86-33FE66C4AD36}"
EndProject
Project("{FAE04EC0-301F-11D3-BF4B-00C04F79EFBC}") = "SPC.ADTR.Dac", "SPC.ADTR.Dac\SPC.ADTR.Dac.csproj", "{653A91E1-B6CA-4BE0-B6DF-04803E90F7A5}"
EndProject
Project("{FAE04EC0-301F-11D3-BF4B-00C04F79EFBC}") = "SPC.TISP.Biz", "SPC.TISP.Biz\SPC.TISP.Biz.csproj", "{37834A52-B7F0-447C-AA12-4F303B433C44}"
EndProject
Project("{FAE04EC0-301F-11D3-BF4B-00C04F79EFBC}") = "SPC.TISP.Dac", "SPC.TISP.Dac\SPC.TISP.Dac.csproj", "{FE016FA7-564C-4661-BC40-C10E675F1ABA}"
EndProject
Project("{FAE04EC0-301F-11D3-BF4B-00C04F79EFBC}") = "SPC.QCAN.Biz", "SPC.QCAN.Biz\SPC.QCAN.Biz.csproj", "{EBFD53A5-FF8B-468C-94BE-A1BD85F8D260}"
EndProject
Project("{FAE04EC0-301F-11D3-BF4B-00C04F79EFBC}") = "SPC.QCAN.Dac", "SPC.QCAN.Dac\SPC.QCAN.Dac.csproj", "{6FAB3A8A-5EF7-4C78-8E92-04BC48F2853D}"
EndProject
Project("{FAE04EC0-301F-11D3-BF4B-00C04F79EFBC}") = "SPC.ANLS.Dac", "SPC.ANLS.Dac\SPC.ANLS.Dac.csproj", "{C6C715F6-3DB6-4A2F-BEFD-41905EA33798}"
EndProject
Project("{FAE04EC0-301F-11D3-BF4B-00C04F79EFBC}") = "SPC.ANLS.Biz", "SPC.ANLS.Biz\SPC.ANLS.Biz.csproj", "{40CD4F0D-B037-472E-BF1B-2967839D60F1}"
EndProject
Project("{FAE04EC0-301F-11D3-BF4B-00C04F79EFBC}") = "SPC.MNTR.Dac", "SPC.MNTR.Dac\SPC.MNTR.Dac.csproj", "{21D82BD7-0CB3-447A-A72D-0527EA6B73CB}"
EndProject
Project("{FAE04EC0-301F-11D3-BF4B-00C04F79EFBC}") = "SPC.MNTR.Biz", "SPC.MNTR.Biz\SPC.MNTR.Biz.csproj", "{EF97561B-7268-42EC-B335-B3106EB4347C}"
EndProject
Project("{FAE04EC0-301F-11D3-BF4B-00C04F79EFBC}") = "SPC.WSTA.Biz", "SPC.WSTA.Biz\SPC.WSTA.Biz.csproj", "{F096B9C6-A008-4AFB-A891-0DDC6055139A}"
EndProject
Project("{FAE04EC0-301F-11D3-BF4B-00C04F79EFBC}") = "SPC.WSTA.Dac", "SPC.WSTA.Dac\SPC.WSTA.Dac.csproj", "{BBE5088E-BAB7-459D-B58C-6C2ED6B6CBA6}"
EndProject
Project("{FAE04EC0-301F-11D3-BF4B-00C04F79EFBC}") = "SPC.IPCM.Dac", "SPC.IPCM.Dac\SPC.IPCM.Dac.csproj", "{D609B894-6BC2-49FD-80A4-FE8965714B11}"
EndProject
Project("{FAE04EC0-301F-11D3-BF4B-00C04F79EFBC}") = "SPC.IPCM.Biz", "SPC.IPCM.Biz\SPC.IPCM.Biz.csproj", "{5B89838F-5FB5-4FC3-9199-A4ECF22A3ADE}"
EndProject
Project("{FAE04EC0-301F-11D3-BF4B-00C04F79EFBC}") = "SPC.TOTH.Dac", "SPC.TOTH.Dac\SPC.TOTH.Dac.csproj", "{D3A06B78-B402-4920-80F3-675D69D5CA10}"
EndProject
Project("{FAE04EC0-301F-11D3-BF4B-00C04F79EFBC}") = "SPC.TOTH.Biz", "SPC.TOTH.Biz\SPC.TOTH.Biz.csproj", "{CDD0A9E1-0880-42B0-84A4-DB883EE8ED90}"
EndProject
Project("{FAE04EC0-301F-11D3-BF4B-00C04F79EFBC}") = "SPC.BORD.Dac", "SPC.BORD.Dac\SPC.BORD.Dac.csproj", "{CE8F3D6C-F956-4EE9-BC32-12E2B7D2FB9C}"
EndProject
Project("{FAE04EC0-301F-11D3-BF4B-00C04F79EFBC}") = "SPC.BORD.Biz", "SPC.BORD.Biz\SPC.BORD.Biz.csproj", "{7991AAB4-6846-4322-91D2-F6A9362BA486}"
EndProject
Project("{FAE04EC0-301F-11D3-BF4B-00C04F79EFBC}") = "SPC.FITM.Dac", "SPC.FITM.Dac\SPC.FITM.Dac.csproj", "{A0C515D4-1B6E-40A9-B231-B001F605BEA8}"
EndProject
Project("{FAE04EC0-301F-11D3-BF4B-00C04F79EFBC}") = "SPC.FITM.Biz", "SPC.FITM.Biz\SPC.FITM.Biz.csproj", "{28D34F54-474C-4931-B705-11E3DA52959E}"
EndProject
Project("{2150E333-8FDC-42A3-9474-1A3956D46DE8}") = "적용대상", "적용대상", "{2D51DCB7-11BB-4C54-9E11-C1C45165FBD4}"
EndProject
Project("{FAE04EC0-301F-11D3-BF4B-00C04F79EFBC}") = "SPC.FDCK.Biz", "SPC.FDCK.Biz\SPC.FDCK.Biz.csproj", "{C531EB27-B1B7-4F1F-9011-A51ACDE21014}"
EndProject
Project("{FAE04EC0-301F-11D3-BF4B-00C04F79EFBC}") = "SPC.FDCK.Dac", "SPC.FDCK.Dac\SPC.FDCK.Dac.csproj", "{8F0DAA99-F85E-4CD5-9394-27C0F11099C7}"
EndProject
Project("{FAE04EC0-301F-11D3-BF4B-00C04F79EFBC}") = "SPC.INSP.Dac", "SPC.INSP.Dac\SPC.INSP.Dac.csproj", "{1BB6A9CE-C355-4024-A21F-0D639FBB7ABD}"
EndProject
Project("{FAE04EC0-301F-11D3-BF4B-00C04F79EFBC}") = "SPC.INSP.Biz", "SPC.INSP.Biz\SPC.INSP.Biz.csproj", "{C02C5356-96F7-489A-A5C7-F0239845CE04}"
EndProject
Project("{FAE04EC0-301F-11D3-BF4B-00C04F79EFBC}") = "SPC.SPCM.Dac", "SPC.SPCM.Dac\SPC.SPCM.Dac.csproj", "{033B4494-7762-48F4-A666-DA10B645C172}"
EndProject
Project("{FAE04EC0-301F-11D3-BF4B-00C04F79EFBC}") = "SPC.SPCM.Biz", "SPC.SPCM.Biz\SPC.SPCM.Biz.csproj", "{63772D61-1F1E-42D2-BC34-9EF399F24320}"
EndProject
Project("{FAE04EC0-301F-11D3-BF4B-00C04F79EFBC}") = "SPC.WERD.Dac", "SPC.WERD.Dac\SPC.WERD.Dac.csproj", "{29186A05-B58B-4821-961B-829B395D3772}"
EndProject
Project("{FAE04EC0-301F-11D3-BF4B-00C04F79EFBC}") = "SPC.WERD.Biz", "SPC.WERD.Biz\SPC.WERD.Biz.csproj", "{D1C45CE3-7481-492D-965C-55A7E30756F1}"
EndProject
Project("{FAE04EC0-301F-11D3-BF4B-00C04F79EFBC}") = "SPC.CATM.Dac", "SPC.CATM.Dac\SPC.CATM.Dac.csproj", "{96D61D7B-9B65-4032-9D86-90BBA7252B88}"
EndProject
Project("{FAE04EC0-301F-11D3-BF4B-00C04F79EFBC}") = "SPC.CATM.Biz", "SPC.CATM.Biz\SPC.CATM.Biz.csproj", "{21C8F43F-CFC4-4691-A6BC-33FD9B12DA1B}"
EndProject
Project("{FAE04EC0-301F-11D3-BF4B-00C04F79EFBC}") = "SPC.MEAS.Dac", "SPC.MEAS.Dac\SPC.MEAS.Dac.csproj", "{FF0E1028-CDC6-4D4C-A0C4-47F16D046164}"
EndProject
Project("{FAE04EC0-301F-11D3-BF4B-00C04F79EFBC}") = "SPC.MEAS.Biz", "SPC.MEAS.Biz\SPC.MEAS.Biz.csproj", "{A3425AB7-98F1-46C0-902B-1BA097CC74DC}"
EndProject
Project("{2150E333-8FDC-42A3-9474-1A3956D46DE8}") = "공통", "공통", "{0C58AC31-E005-4F52-ABBE-14D48CD4F6FB}"
	ProjectSection(SolutionItems) = preProject
		2020-02-19 이전 통합.txt = 2020-02-19 이전 통합.txt
		2020-03-11(계측기메뉴등록).txt = 2020-03-11(계측기메뉴등록).txt
		2020-06-16 이전 통합.txt = 2020-06-16 이전 통합.txt
		2020-06-19.txt = 2020-06-19.txt
		2020-06-25(작업표준서멀티).txt = 2020-06-25(작업표준서멀티).txt
		2020-07-03.txt = 2020-07-03.txt
		2020-07-08.txt = 2020-07-08.txt
		2020-07-24(측정프로그램 활성화).txt = 2020-07-24(측정프로그램 활성화).txt
		2020-08-18.txt = 2020-08-18.txt
		2020-08-26.txt = 2020-08-26.txt
		2020-09-07(LOT트랙킹).txt = 2020-09-07(LOT트랙킹).txt
		2020-09-07(LOT트랙킹-CS).txt = 2020-09-07(LOT트랙킹-CS).txt
		2020-09-07(LOT트랙킹테이블).txt = 2020-09-07(LOT트랙킹테이블).txt
		2020-09-09.txt = 2020-09-09.txt
		2020-09-14.txt = 2020-09-14.txt
		2020-09-15.txt = 2020-09-15.txt
		2020-09-28.txt = 2020-09-28.txt
		2020-10-05.txt = 2020-10-05.txt
		2020-10-19.txt = 2020-10-19.txt
		2020-10-20.txt = 2020-10-20.txt
		2020-10-21.txt = 2020-10-21.txt
		2020-10-23.txt = 2020-10-23.txt
		2020-10-30.txt = 2020-10-30.txt
		2020-11-10.txt = 2020-11-10.txt
		2020-11-12.txt = 2020-11-12.txt
		2020-11-24.txt = 2020-11-24.txt
		2020-11-26.txt = 2020-11-26.txt
		2020-11-30.txt = 2020-11-30.txt
		2020-12-02.txt = 2020-12-02.txt
		2021-01-05.txt = 2021-01-05.txt
		2021-02-24.txt = 2021-02-24.txt
		2021-03-09.txt = 2021-03-09.txt
		2021-03-10.txt = 2021-03-10.txt
		2021-03-17.txt = 2021-03-17.txt
	EndProjectSection
EndProject
Project("{2150E333-8FDC-42A3-9474-1A3956D46DE8}") = "업체별", "업체별", "{9FE2C581-C19A-48CB-BA12-9A526CE53708}"
	ProjectSection(SolutionItems) = preProject
		2019-11-28_성신CREATE.txt = 2019-11-28_성신CREATE.txt
		2020-02-25_대륙CREATE.txt = 2020-02-25_대륙CREATE.txt
		2020-02-28(천일CREATE).txt = 2020-02-28(천일CREATE).txt
		2020-08-18(천일CREATE).txt = 2020-08-18(천일CREATE).txt
		2020-09-11(대륙CREATE).txt = 2020-09-11(대륙CREATE).txt
		2020-10-26(대륙CREATE).txt = 2020-10-26(대륙CREATE).txt
		2020-11-13(성신).txt = 2020-11-13(성신).txt
		2020-11-16(대륙).txt = 2020-11-16(대륙).txt
		2020-12-08(보그워너평택).txt = 2020-12-08(보그워너평택).txt
		2021-02-22(지앤).txt = 2021-02-22(지앤).txt
	EndProjectSection
EndProject
Project("{FAE04EC0-301F-11D3-BF4B-00C04F79EFBC}") = "SPC.LTRK.Dac", "SPC.LTRK.Dac\SPC.LTRK.Dac.csproj", "{71D0AD8F-20A1-4EB8-B506-8D5C3849C170}"
EndProject
Project("{FAE04EC0-301F-11D3-BF4B-00C04F79EFBC}") = "SPC.LTRK.Biz", "SPC.LTRK.Biz\SPC.LTRK.Biz.csproj", "{5DA150D9-FB87-441D-AC3B-D52479D299F4}"
EndProject
Project("{FAE04EC0-301F-11D3-BF4B-00C04F79EFBC}") = "SPC.PLCM.Dac", "SPC.PLCM.Dac\SPC.PLCM.Dac.csproj", "{260C394A-93F8-4956-95E1-16DB933B8E2B}"
EndProject
Project("{FAE04EC0-301F-11D3-BF4B-00C04F79EFBC}") = "SPC.PLCM.Biz", "SPC.PLCM.Biz\SPC.PLCM.Biz.csproj", "{8CA14162-9701-4B7E-B684-AE72E6212205}"
EndProject
Global
	
	GlobalSection(SolutionConfigurationPlatforms) = preSolution
		Debug|Any CPU = Debug|Any CPU
		Release|Any CPU = Release|Any CPU
	EndGlobalSection
	GlobalSection(ProjectConfigurationPlatforms) = postSolution
		{6BD7D523-1A32-4B9C-B8D6-83E3052958A9}.Debug|Any CPU.ActiveCfg = Debug|Any CPU
		{6BD7D523-1A32-4B9C-B8D6-83E3052958A9}.Debug|Any CPU.Build.0 = Debug|Any CPU
		{6BD7D523-1A32-4B9C-B8D6-83E3052958A9}.Release|Any CPU.ActiveCfg = Release|Any CPU
		{6BD7D523-1A32-4B9C-B8D6-83E3052958A9}.Release|Any CPU.Build.0 = Release|Any CPU
		{4332E3A4-7521-458C-A864-06FA1E5B7A5E}.Debug|Any CPU.ActiveCfg = Debug|Any CPU
		{4332E3A4-7521-458C-A864-06FA1E5B7A5E}.Debug|Any CPU.Build.0 = Debug|Any CPU
		{4332E3A4-7521-458C-A864-06FA1E5B7A5E}.Release|Any CPU.ActiveCfg = Release|Any CPU
		{4332E3A4-7521-458C-A864-06FA1E5B7A5E}.Release|Any CPU.Build.0 = Release|Any CPU
		{E08F18D5-8C4F-4D75-8F46-B0C95B497305}.Debug|Any CPU.ActiveCfg = Debug|Any CPU
		{E08F18D5-8C4F-4D75-8F46-B0C95B497305}.Debug|Any CPU.Build.0 = Debug|Any CPU
		{E08F18D5-8C4F-4D75-8F46-B0C95B497305}.Release|Any CPU.ActiveCfg = Release|Any CPU
		{E08F18D5-8C4F-4D75-8F46-B0C95B497305}.Release|Any CPU.Build.0 = Release|Any CPU
		{46B2D5C2-422C-41CB-8163-1E3868143897}.Debug|Any CPU.ActiveCfg = Debug|Any CPU
		{46B2D5C2-422C-41CB-8163-1E3868143897}.Debug|Any CPU.Build.0 = Debug|Any CPU
		{46B2D5C2-422C-41CB-8163-1E3868143897}.Release|Any CPU.ActiveCfg = Release|Any CPU
		{46B2D5C2-422C-41CB-8163-1E3868143897}.Release|Any CPU.Build.0 = Release|Any CPU
		{CA70542A-EBDF-4C9C-B77F-4068C761A68A}.Debug|Any CPU.ActiveCfg = Debug|Any CPU
		{CA70542A-EBDF-4C9C-B77F-4068C761A68A}.Debug|Any CPU.Build.0 = Debug|Any CPU
		{CA70542A-EBDF-4C9C-B77F-4068C761A68A}.Release|Any CPU.ActiveCfg = Release|Any CPU
		{CA70542A-EBDF-4C9C-B77F-4068C761A68A}.Release|Any CPU.Build.0 = Release|Any CPU
		{74E4408C-5612-42D9-90A8-8630A204D295}.Debug|Any CPU.ActiveCfg = Debug|Any CPU
		{74E4408C-5612-42D9-90A8-8630A204D295}.Debug|Any CPU.Build.0 = Debug|Any CPU
		{74E4408C-5612-42D9-90A8-8630A204D295}.Release|Any CPU.ActiveCfg = Release|Any CPU
		{74E4408C-5612-42D9-90A8-8630A204D295}.Release|Any CPU.Build.0 = Release|Any CPU
		{EBC59E47-BBC4-471B-BADD-CFC7C4E7AB9B}.Debug|Any CPU.ActiveCfg = Debug|Any CPU
		{EBC59E47-BBC4-471B-BADD-CFC7C4E7AB9B}.Debug|Any CPU.Build.0 = Debug|Any CPU
		{EBC59E47-BBC4-471B-BADD-CFC7C4E7AB9B}.Release|Any CPU.ActiveCfg = Release|Any CPU
		{EBC59E47-BBC4-471B-BADD-CFC7C4E7AB9B}.Release|Any CPU.Build.0 = Release|Any CPU
		{3E43491F-0B61-42E2-8064-F9E4361D7E4A}.Debug|Any CPU.ActiveCfg = Debug|Any CPU
		{3E43491F-0B61-42E2-8064-F9E4361D7E4A}.Debug|Any CPU.Build.0 = Debug|Any CPU
		{3E43491F-0B61-42E2-8064-F9E4361D7E4A}.Release|Any CPU.ActiveCfg = Release|Any CPU
		{3E43491F-0B61-42E2-8064-F9E4361D7E4A}.Release|Any CPU.Build.0 = Release|Any CPU
		{149C411B-E69C-4223-BA1B-099F70CAB29F}.Debug|Any CPU.ActiveCfg = Debug|Any CPU
		{149C411B-E69C-4223-BA1B-099F70CAB29F}.Debug|Any CPU.Build.0 = Debug|Any CPU
		{149C411B-E69C-4223-BA1B-099F70CAB29F}.Release|Any CPU.ActiveCfg = Release|Any CPU
		{149C411B-E69C-4223-BA1B-099F70CAB29F}.Release|Any CPU.Build.0 = Release|Any CPU
		{9349A73F-019D-4B7B-9433-EB89069FE33D}.Debug|Any CPU.ActiveCfg = Debug|Any CPU
		{9349A73F-019D-4B7B-9433-EB89069FE33D}.Debug|Any CPU.Build.0 = Debug|Any CPU
		{9349A73F-019D-4B7B-9433-EB89069FE33D}.Release|Any CPU.ActiveCfg = Release|Any CPU
		{9349A73F-019D-4B7B-9433-EB89069FE33D}.Release|Any CPU.Build.0 = Release|Any CPU
		{9E17C41B-A4FA-4EDE-A64D-2E84A60D3ADB}.Debug|Any CPU.ActiveCfg = Debug|Any CPU
		{9E17C41B-A4FA-4EDE-A64D-2E84A60D3ADB}.Debug|Any CPU.Build.0 = Debug|Any CPU
		{9E17C41B-A4FA-4EDE-A64D-2E84A60D3ADB}.Release|Any CPU.ActiveCfg = Release|Any CPU
		{9E17C41B-A4FA-4EDE-A64D-2E84A60D3ADB}.Release|Any CPU.Build.0 = Release|Any CPU
		{873AE6AF-DF0A-4EB7-AB4D-203C7ACAFBE6}.Debug|Any CPU.ActiveCfg = Debug|Any CPU
		{873AE6AF-DF0A-4EB7-AB4D-203C7ACAFBE6}.Debug|Any CPU.Build.0 = Debug|Any CPU
		{873AE6AF-DF0A-4EB7-AB4D-203C7ACAFBE6}.Release|Any CPU.ActiveCfg = Release|Any CPU
		{873AE6AF-DF0A-4EB7-AB4D-203C7ACAFBE6}.Release|Any CPU.Build.0 = Release|Any CPU
		{7DA418E9-488F-4307-A43B-778995576673}.Debug|Any CPU.ActiveCfg = Debug|Any CPU
		{7DA418E9-488F-4307-A43B-778995576673}.Debug|Any CPU.Build.0 = Debug|Any CPU
		{7DA418E9-488F-4307-A43B-778995576673}.Release|Any CPU.ActiveCfg = Release|Any CPU
		{7DA418E9-488F-4307-A43B-778995576673}.Release|Any CPU.Build.0 = Release|Any CPU
		{6084A9A2-74CF-4A02-9831-669164218550}.Debug|Any CPU.ActiveCfg = Debug|Any CPU
		{6084A9A2-74CF-4A02-9831-669164218550}.Debug|Any CPU.Build.0 = Debug|Any CPU
		{6084A9A2-74CF-4A02-9831-669164218550}.Release|Any CPU.ActiveCfg = Release|Any CPU
		{6084A9A2-74CF-4A02-9831-669164218550}.Release|Any CPU.Build.0 = Release|Any CPU
		{5525556D-2B98-46AF-9056-058735A7EFA7}.Debug|Any CPU.ActiveCfg = Debug|Any CPU
		{5525556D-2B98-46AF-9056-058735A7EFA7}.Debug|Any CPU.Build.0 = Debug|Any CPU
		{5525556D-2B98-46AF-9056-058735A7EFA7}.Release|Any CPU.ActiveCfg = Release|Any CPU
		{5525556D-2B98-46AF-9056-058735A7EFA7}.Release|Any CPU.Build.0 = Release|Any CPU
		{4640D235-14C1-4B18-93E1-4077383F67F5}.Debug|Any CPU.ActiveCfg = Debug|Any CPU
		{4640D235-14C1-4B18-93E1-4077383F67F5}.Debug|Any CPU.Build.0 = Debug|Any CPU
		{4640D235-14C1-4B18-93E1-4077383F67F5}.Release|Any CPU.ActiveCfg = Release|Any CPU
		{4640D235-14C1-4B18-93E1-4077383F67F5}.Release|Any CPU.Build.0 = Release|Any CPU
		{C12621EA-3BC1-424C-BB86-33FE66C4AD36}.Debug|Any CPU.ActiveCfg = Debug|Any CPU
		{C12621EA-3BC1-424C-BB86-33FE66C4AD36}.Debug|Any CPU.Build.0 = Debug|Any CPU
		{C12621EA-3BC1-424C-BB86-33FE66C4AD36}.Release|Any CPU.ActiveCfg = Release|Any CPU
		{C12621EA-3BC1-424C-BB86-33FE66C4AD36}.Release|Any CPU.Build.0 = Release|Any CPU
		{653A91E1-B6CA-4BE0-B6DF-04803E90F7A5}.Debug|Any CPU.ActiveCfg = Debug|Any CPU
		{653A91E1-B6CA-4BE0-B6DF-04803E90F7A5}.Debug|Any CPU.Build.0 = Debug|Any CPU
		{653A91E1-B6CA-4BE0-B6DF-04803E90F7A5}.Release|Any CPU.ActiveCfg = Release|Any CPU
		{653A91E1-B6CA-4BE0-B6DF-04803E90F7A5}.Release|Any CPU.Build.0 = Release|Any CPU
		{37834A52-B7F0-447C-AA12-4F303B433C44}.Debug|Any CPU.ActiveCfg = Debug|Any CPU
		{37834A52-B7F0-447C-AA12-4F303B433C44}.Debug|Any CPU.Build.0 = Debug|Any CPU
		{37834A52-B7F0-447C-AA12-4F303B433C44}.Release|Any CPU.ActiveCfg = Release|Any CPU
		{37834A52-B7F0-447C-AA12-4F303B433C44}.Release|Any CPU.Build.0 = Release|Any CPU
		{FE016FA7-564C-4661-BC40-C10E675F1ABA}.Debug|Any CPU.ActiveCfg = Debug|Any CPU
		{FE016FA7-564C-4661-BC40-C10E675F1ABA}.Debug|Any CPU.Build.0 = Debug|Any CPU
		{FE016FA7-564C-4661-BC40-C10E675F1ABA}.Release|Any CPU.ActiveCfg = Release|Any CPU
		{FE016FA7-564C-4661-BC40-C10E675F1ABA}.Release|Any CPU.Build.0 = Release|Any CPU
		{EBFD53A5-FF8B-468C-94BE-A1BD85F8D260}.Debug|Any CPU.ActiveCfg = Debug|Any CPU
		{EBFD53A5-FF8B-468C-94BE-A1BD85F8D260}.Debug|Any CPU.Build.0 = Debug|Any CPU
		{EBFD53A5-FF8B-468C-94BE-A1BD85F8D260}.Release|Any CPU.ActiveCfg = Release|Any CPU
		{EBFD53A5-FF8B-468C-94BE-A1BD85F8D260}.Release|Any CPU.Build.0 = Release|Any CPU
		{6FAB3A8A-5EF7-4C78-8E92-04BC48F2853D}.Debug|Any CPU.ActiveCfg = Debug|Any CPU
		{6FAB3A8A-5EF7-4C78-8E92-04BC48F2853D}.Debug|Any CPU.Build.0 = Debug|Any CPU
		{6FAB3A8A-5EF7-4C78-8E92-04BC48F2853D}.Release|Any CPU.ActiveCfg = Release|Any CPU
		{6FAB3A8A-5EF7-4C78-8E92-04BC48F2853D}.Release|Any CPU.Build.0 = Release|Any CPU
		{C6C715F6-3DB6-4A2F-BEFD-41905EA33798}.Debug|Any CPU.ActiveCfg = Debug|Any CPU
		{C6C715F6-3DB6-4A2F-BEFD-41905EA33798}.Debug|Any CPU.Build.0 = Debug|Any CPU
		{C6C715F6-3DB6-4A2F-BEFD-41905EA33798}.Release|Any CPU.ActiveCfg = Release|Any CPU
		{C6C715F6-3DB6-4A2F-BEFD-41905EA33798}.Release|Any CPU.Build.0 = Release|Any CPU
		{40CD4F0D-B037-472E-BF1B-2967839D60F1}.Debug|Any CPU.ActiveCfg = Debug|Any CPU
		{40CD4F0D-B037-472E-BF1B-2967839D60F1}.Debug|Any CPU.Build.0 = Debug|Any CPU
		{40CD4F0D-B037-472E-BF1B-2967839D60F1}.Release|Any CPU.ActiveCfg = Release|Any CPU
		{40CD4F0D-B037-472E-BF1B-2967839D60F1}.Release|Any CPU.Build.0 = Release|Any CPU
		{21D82BD7-0CB3-447A-A72D-0527EA6B73CB}.Debug|Any CPU.ActiveCfg = Debug|Any CPU
		{21D82BD7-0CB3-447A-A72D-0527EA6B73CB}.Debug|Any CPU.Build.0 = Debug|Any CPU
		{21D82BD7-0CB3-447A-A72D-0527EA6B73CB}.Release|Any CPU.ActiveCfg = Release|Any CPU
		{21D82BD7-0CB3-447A-A72D-0527EA6B73CB}.Release|Any CPU.Build.0 = Release|Any CPU
		{EF97561B-7268-42EC-B335-B3106EB4347C}.Debug|Any CPU.ActiveCfg = Debug|Any CPU
		{EF97561B-7268-42EC-B335-B3106EB4347C}.Debug|Any CPU.Build.0 = Debug|Any CPU
		{EF97561B-7268-42EC-B335-B3106EB4347C}.Release|Any CPU.ActiveCfg = Release|Any CPU
		{EF97561B-7268-42EC-B335-B3106EB4347C}.Release|Any CPU.Build.0 = Release|Any CPU
		{F096B9C6-A008-4AFB-A891-0DDC6055139A}.Debug|Any CPU.ActiveCfg = Debug|Any CPU
		{F096B9C6-A008-4AFB-A891-0DDC6055139A}.Debug|Any CPU.Build.0 = Debug|Any CPU
		{F096B9C6-A008-4AFB-A891-0DDC6055139A}.Release|Any CPU.ActiveCfg = Release|Any CPU
		{F096B9C6-A008-4AFB-A891-0DDC6055139A}.Release|Any CPU.Build.0 = Release|Any CPU
		{BBE5088E-BAB7-459D-B58C-6C2ED6B6CBA6}.Debug|Any CPU.ActiveCfg = Debug|Any CPU
		{BBE5088E-BAB7-459D-B58C-6C2ED6B6CBA6}.Debug|Any CPU.Build.0 = Debug|Any CPU
		{BBE5088E-BAB7-459D-B58C-6C2ED6B6CBA6}.Release|Any CPU.ActiveCfg = Release|Any CPU
		{BBE5088E-BAB7-459D-B58C-6C2ED6B6CBA6}.Release|Any CPU.Build.0 = Release|Any CPU
		{D609B894-6BC2-49FD-80A4-FE8965714B11}.Debug|Any CPU.ActiveCfg = Debug|Any CPU
		{D609B894-6BC2-49FD-80A4-FE8965714B11}.Debug|Any CPU.Build.0 = Debug|Any CPU
		{D609B894-6BC2-49FD-80A4-FE8965714B11}.Release|Any CPU.ActiveCfg = Release|Any CPU
		{D609B894-6BC2-49FD-80A4-FE8965714B11}.Release|Any CPU.Build.0 = Release|Any CPU
		{5B89838F-5FB5-4FC3-9199-A4ECF22A3ADE}.Debug|Any CPU.ActiveCfg = Debug|Any CPU
		{5B89838F-5FB5-4FC3-9199-A4ECF22A3ADE}.Debug|Any CPU.Build.0 = Debug|Any CPU
		{5B89838F-5FB5-4FC3-9199-A4ECF22A3ADE}.Release|Any CPU.ActiveCfg = Release|Any CPU
		{5B89838F-5FB5-4FC3-9199-A4ECF22A3ADE}.Release|Any CPU.Build.0 = Release|Any CPU
		{D3A06B78-B402-4920-80F3-675D69D5CA10}.Debug|Any CPU.ActiveCfg = Debug|Any CPU
		{D3A06B78-B402-4920-80F3-675D69D5CA10}.Debug|Any CPU.Build.0 = Debug|Any CPU
		{D3A06B78-B402-4920-80F3-675D69D5CA10}.Release|Any CPU.ActiveCfg = Release|Any CPU
		{D3A06B78-B402-4920-80F3-675D69D5CA10}.Release|Any CPU.Build.0 = Release|Any CPU
		{CDD0A9E1-0880-42B0-84A4-DB883EE8ED90}.Debug|Any CPU.ActiveCfg = Debug|Any CPU
		{CDD0A9E1-0880-42B0-84A4-DB883EE8ED90}.Debug|Any CPU.Build.0 = Debug|Any CPU
		{CDD0A9E1-0880-42B0-84A4-DB883EE8ED90}.Release|Any CPU.ActiveCfg = Release|Any CPU
		{CDD0A9E1-0880-42B0-84A4-DB883EE8ED90}.Release|Any CPU.Build.0 = Release|Any CPU
		{CE8F3D6C-F956-4EE9-BC32-12E2B7D2FB9C}.Debug|Any CPU.ActiveCfg = Debug|Any CPU
		{CE8F3D6C-F956-4EE9-BC32-12E2B7D2FB9C}.Debug|Any CPU.Build.0 = Debug|Any CPU
		{CE8F3D6C-F956-4EE9-BC32-12E2B7D2FB9C}.Release|Any CPU.ActiveCfg = Release|Any CPU
		{CE8F3D6C-F956-4EE9-BC32-12E2B7D2FB9C}.Release|Any CPU.Build.0 = Release|Any CPU
		{7991AAB4-6846-4322-91D2-F6A9362BA486}.Debug|Any CPU.ActiveCfg = Debug|Any CPU
		{7991AAB4-6846-4322-91D2-F6A9362BA486}.Debug|Any CPU.Build.0 = Debug|Any CPU
		{7991AAB4-6846-4322-91D2-F6A9362BA486}.Release|Any CPU.ActiveCfg = Release|Any CPU
		{7991AAB4-6846-4322-91D2-F6A9362BA486}.Release|Any CPU.Build.0 = Release|Any CPU
		{A0C515D4-1B6E-40A9-B231-B001F605BEA8}.Debug|Any CPU.ActiveCfg = Debug|Any CPU
		{A0C515D4-1B6E-40A9-B231-B001F605BEA8}.Debug|Any CPU.Build.0 = Debug|Any CPU
		{A0C515D4-1B6E-40A9-B231-B001F605BEA8}.Release|Any CPU.ActiveCfg = Release|Any CPU
		{A0C515D4-1B6E-40A9-B231-B001F605BEA8}.Release|Any CPU.Build.0 = Release|Any CPU
		{28D34F54-474C-4931-B705-11E3DA52959E}.Debug|Any CPU.ActiveCfg = Debug|Any CPU
		{28D34F54-474C-4931-B705-11E3DA52959E}.Debug|Any CPU.Build.0 = Debug|Any CPU
		{28D34F54-474C-4931-B705-11E3DA52959E}.Release|Any CPU.ActiveCfg = Release|Any CPU
		{28D34F54-474C-4931-B705-11E3DA52959E}.Release|Any CPU.Build.0 = Release|Any CPU
		{C531EB27-B1B7-4F1F-9011-A51ACDE21014}.Debug|Any CPU.ActiveCfg = Debug|Any CPU
		{C531EB27-B1B7-4F1F-9011-A51ACDE21014}.Debug|Any CPU.Build.0 = Debug|Any CPU
		{C531EB27-B1B7-4F1F-9011-A51ACDE21014}.Release|Any CPU.ActiveCfg = Release|Any CPU
		{C531EB27-B1B7-4F1F-9011-A51ACDE21014}.Release|Any CPU.Build.0 = Release|Any CPU
		{8F0DAA99-F85E-4CD5-9394-27C0F11099C7}.Debug|Any CPU.ActiveCfg = Debug|Any CPU
		{8F0DAA99-F85E-4CD5-9394-27C0F11099C7}.Debug|Any CPU.Build.0 = Debug|Any CPU
		{8F0DAA99-F85E-4CD5-9394-27C0F11099C7}.Release|Any CPU.ActiveCfg = Release|Any CPU
		{8F0DAA99-F85E-4CD5-9394-27C0F11099C7}.Release|Any CPU.Build.0 = Release|Any CPU
		{1BB6A9CE-C355-4024-A21F-0D639FBB7ABD}.Debug|Any CPU.ActiveCfg = Debug|Any CPU
		{1BB6A9CE-C355-4024-A21F-0D639FBB7ABD}.Debug|Any CPU.Build.0 = Debug|Any CPU
		{1BB6A9CE-C355-4024-A21F-0D639FBB7ABD}.Release|Any CPU.ActiveCfg = Release|Any CPU
		{1BB6A9CE-C355-4024-A21F-0D639FBB7ABD}.Release|Any CPU.Build.0 = Release|Any CPU
		{C02C5356-96F7-489A-A5C7-F0239845CE04}.Debug|Any CPU.ActiveCfg = Debug|Any CPU
		{C02C5356-96F7-489A-A5C7-F0239845CE04}.Debug|Any CPU.Build.0 = Debug|Any CPU
		{C02C5356-96F7-489A-A5C7-F0239845CE04}.Release|Any CPU.ActiveCfg = Release|Any CPU
		{C02C5356-96F7-489A-A5C7-F0239845CE04}.Release|Any CPU.Build.0 = Release|Any CPU
		{033B4494-7762-48F4-A666-DA10B645C172}.Debug|Any CPU.ActiveCfg = Debug|Any CPU
		{033B4494-7762-48F4-A666-DA10B645C172}.Debug|Any CPU.Build.0 = Debug|Any CPU
		{033B4494-7762-48F4-A666-DA10B645C172}.Release|Any CPU.ActiveCfg = Release|Any CPU
		{033B4494-7762-48F4-A666-DA10B645C172}.Release|Any CPU.Build.0 = Release|Any CPU
		{63772D61-1F1E-42D2-BC34-9EF399F24320}.Debug|Any CPU.ActiveCfg = Debug|Any CPU
		{63772D61-1F1E-42D2-BC34-9EF399F24320}.Debug|Any CPU.Build.0 = Debug|Any CPU
		{63772D61-1F1E-42D2-BC34-9EF399F24320}.Release|Any CPU.ActiveCfg = Release|Any CPU
		{63772D61-1F1E-42D2-BC34-9EF399F24320}.Release|Any CPU.Build.0 = Release|Any CPU
		{29186A05-B58B-4821-961B-829B395D3772}.Debug|Any CPU.ActiveCfg = Debug|Any CPU
		{29186A05-B58B-4821-961B-829B395D3772}.Debug|Any CPU.Build.0 = Debug|Any CPU
		{29186A05-B58B-4821-961B-829B395D3772}.Release|Any CPU.ActiveCfg = Release|Any CPU
		{29186A05-B58B-4821-961B-829B395D3772}.Release|Any CPU.Build.0 = Release|Any CPU
		{D1C45CE3-7481-492D-965C-55A7E30756F1}.Debug|Any CPU.ActiveCfg = Debug|Any CPU
		{D1C45CE3-7481-492D-965C-55A7E30756F1}.Debug|Any CPU.Build.0 = Debug|Any CPU
		{D1C45CE3-7481-492D-965C-55A7E30756F1}.Release|Any CPU.ActiveCfg = Release|Any CPU
		{D1C45CE3-7481-492D-965C-55A7E30756F1}.Release|Any CPU.Build.0 = Release|Any CPU
		{96D61D7B-9B65-4032-9D86-90BBA7252B88}.Debug|Any CPU.ActiveCfg = Debug|Any CPU
		{96D61D7B-9B65-4032-9D86-90BBA7252B88}.Debug|Any CPU.Build.0 = Debug|Any CPU
		{96D61D7B-9B65-4032-9D86-90BBA7252B88}.Release|Any CPU.ActiveCfg = Release|Any CPU
		{96D61D7B-9B65-4032-9D86-90BBA7252B88}.Release|Any CPU.Build.0 = Release|Any CPU
		{21C8F43F-CFC4-4691-A6BC-33FD9B12DA1B}.Debug|Any CPU.ActiveCfg = Debug|Any CPU
		{21C8F43F-CFC4-4691-A6BC-33FD9B12DA1B}.Debug|Any CPU.Build.0 = Debug|Any CPU
		{21C8F43F-CFC4-4691-A6BC-33FD9B12DA1B}.Release|Any CPU.ActiveCfg = Release|Any CPU
		{21C8F43F-CFC4-4691-A6BC-33FD9B12DA1B}.Release|Any CPU.Build.0 = Release|Any CPU
		{FF0E1028-CDC6-4D4C-A0C4-47F16D046164}.Debug|Any CPU.ActiveCfg = Debug|Any CPU
		{FF0E1028-CDC6-4D4C-A0C4-47F16D046164}.Debug|Any CPU.Build.0 = Debug|Any CPU
		{FF0E1028-CDC6-4D4C-A0C4-47F16D046164}.Release|Any CPU.ActiveCfg = Release|Any CPU
		{FF0E1028-CDC6-4D4C-A0C4-47F16D046164}.Release|Any CPU.Build.0 = Release|Any CPU
		{A3425AB7-98F1-46C0-902B-1BA097CC74DC}.Debug|Any CPU.ActiveCfg = Debug|Any CPU
		{A3425AB7-98F1-46C0-902B-1BA097CC74DC}.Debug|Any CPU.Build.0 = Debug|Any CPU
		{A3425AB7-98F1-46C0-902B-1BA097CC74DC}.Release|Any CPU.ActiveCfg = Release|Any CPU
		{A3425AB7-98F1-46C0-902B-1BA097CC74DC}.Release|Any CPU.Build.0 = Release|Any CPU
		{71D0AD8F-20A1-4EB8-B506-8D5C3849C170}.Debug|Any CPU.ActiveCfg = Debug|Any CPU
		{71D0AD8F-20A1-4EB8-B506-8D5C3849C170}.Debug|Any CPU.Build.0 = Debug|Any CPU
		{71D0AD8F-20A1-4EB8-B506-8D5C3849C170}.Release|Any CPU.ActiveCfg = Release|Any CPU
		{71D0AD8F-20A1-4EB8-B506-8D5C3849C170}.Release|Any CPU.Build.0 = Release|Any CPU
		{5DA150D9-FB87-441D-AC3B-D52479D299F4}.Debug|Any CPU.ActiveCfg = Debug|Any CPU
		{5DA150D9-FB87-441D-AC3B-D52479D299F4}.Debug|Any CPU.Build.0 = Debug|Any CPU
		{5DA150D9-FB87-441D-AC3B-D52479D299F4}.Release|Any CPU.ActiveCfg = Release|Any CPU
		{5DA150D9-FB87-441D-AC3B-D52479D299F4}.Release|Any CPU.Build.0 = Release|Any CPU
		{260C394A-93F8-4956-95E1-16DB933B8E2B}.Debug|Any CPU.ActiveCfg = Debug|Any CPU
		{260C394A-93F8-4956-95E1-16DB933B8E2B}.Debug|Any CPU.Build.0 = Debug|Any CPU
		{260C394A-93F8-4956-95E1-16DB933B8E2B}.Release|Any CPU.ActiveCfg = Release|Any CPU
		{260C394A-93F8-4956-95E1-16DB933B8E2B}.Release|Any CPU.Build.0 = Release|Any CPU
		{8CA14162-9701-4B7E-B684-AE72E6212205}.Debug|Any CPU.ActiveCfg = Debug|Any CPU
		{8CA14162-9701-4B7E-B684-AE72E6212205}.Debug|Any CPU.Build.0 = Debug|Any CPU
		{8CA14162-9701-4B7E-B684-AE72E6212205}.Release|Any CPU.ActiveCfg = Release|Any CPU
		{8CA14162-9701-4B7E-B684-AE72E6212205}.Release|Any CPU.Build.0 = Release|Any CPU
	EndGlobalSection
	GlobalSection(SolutionProperties) = preSolution
		HideSolutionNode = FALSE
	EndGlobalSection
	GlobalSection(NestedProjects) = preSolution
		{6BD7D523-1A32-4B9C-B8D6-83E3052958A9} = {EE46FB1E-D1C4-4FD7-A0F1-F0886E878E1A}
		{4332E3A4-7521-458C-A864-06FA1E5B7A5E} = {4737AB75-B56E-4968-BBF3-287F78968E43}
		{74E4408C-5612-42D9-90A8-8630A204D295} = {4737AB75-B56E-4968-BBF3-287F78968E43}
		{3E43491F-0B61-42E2-8064-F9E4361D7E4A} = {4737AB75-B56E-4968-BBF3-287F78968E43}
		{149C411B-E69C-4223-BA1B-099F70CAB29F} = {4737AB75-B56E-4968-BBF3-287F78968E43}
		{873AE6AF-DF0A-4EB7-AB4D-203C7ACAFBE6} = {4737AB75-B56E-4968-BBF3-287F78968E43}
		{6084A9A2-74CF-4A02-9831-669164218550} = {4737AB75-B56E-4968-BBF3-287F78968E43}
		{4640D235-14C1-4B18-93E1-4077383F67F5} = {4737AB75-B56E-4968-BBF3-287F78968E43}
		{C12621EA-3BC1-424C-BB86-33FE66C4AD36} = {4737AB75-B56E-4968-BBF3-287F78968E43}
		{37834A52-B7F0-447C-AA12-4F303B433C44} = {4737AB75-B56E-4968-BBF3-287F78968E43}
		{EBFD53A5-FF8B-468C-94BE-A1BD85F8D260} = {4737AB75-B56E-4968-BBF3-287F78968E43}
		{40CD4F0D-B037-472E-BF1B-2967839D60F1} = {4737AB75-B56E-4968-BBF3-287F78968E43}
		{EF97561B-7268-42EC-B335-B3106EB4347C} = {4737AB75-B56E-4968-BBF3-287F78968E43}
		{F096B9C6-A008-4AFB-A891-0DDC6055139A} = {4737AB75-B56E-4968-BBF3-287F78968E43}
		{5B89838F-5FB5-4FC3-9199-A4ECF22A3ADE} = {4737AB75-B56E-4968-BBF3-287F78968E43}
		{CDD0A9E1-0880-42B0-84A4-DB883EE8ED90} = {4737AB75-B56E-4968-BBF3-287F78968E43}
		{7991AAB4-6846-4322-91D2-F6A9362BA486} = {4737AB75-B56E-4968-BBF3-287F78968E43}
		{28D34F54-474C-4931-B705-11E3DA52959E} = {4737AB75-B56E-4968-BBF3-287F78968E43}
		{C531EB27-B1B7-4F1F-9011-A51ACDE21014} = {4737AB75-B56E-4968-BBF3-287F78968E43}
		{C02C5356-96F7-489A-A5C7-F0239845CE04} = {4737AB75-B56E-4968-BBF3-287F78968E43}
		{63772D61-1F1E-42D2-BC34-9EF399F24320} = {4737AB75-B56E-4968-BBF3-287F78968E43}
		{D1C45CE3-7481-492D-965C-55A7E30756F1} = {4737AB75-B56E-4968-BBF3-287F78968E43}
		{21C8F43F-CFC4-4691-A6BC-33FD9B12DA1B} = {4737AB75-B56E-4968-BBF3-287F78968E43}
		{A3425AB7-98F1-46C0-902B-1BA097CC74DC} = {4737AB75-B56E-4968-BBF3-287F78968E43}
		{5DA150D9-FB87-441D-AC3B-D52479D299F4} = {4737AB75-B56E-4968-BBF3-287F78968E43}
		{8CA14162-9701-4B7E-B684-AE72E6212205} = {4737AB75-B56E-4968-BBF3-287F78968E43}
		{E08F18D5-8C4F-4D75-8F46-B0C95B497305} = {DD8074B1-90CB-46C3-B11A-9EB6203CB442}
		{CA70542A-EBDF-4C9C-B77F-4068C761A68A} = {DD8074B1-90CB-46C3-B11A-9EB6203CB442}
		{EBC59E47-BBC4-471B-BADD-CFC7C4E7AB9B} = {DD8074B1-90CB-46C3-B11A-9EB6203CB442}
		{9349A73F-019D-4B7B-9433-EB89069FE33D} = {DD8074B1-90CB-46C3-B11A-9EB6203CB442}
		{9E17C41B-A4FA-4EDE-A64D-2E84A60D3ADB} = {DD8074B1-90CB-46C3-B11A-9EB6203CB442}
		{7DA418E9-488F-4307-A43B-778995576673} = {DD8074B1-90CB-46C3-B11A-9EB6203CB442}
		{5525556D-2B98-46AF-9056-058735A7EFA7} = {DD8074B1-90CB-46C3-B11A-9EB6203CB442}
		{653A91E1-B6CA-4BE0-B6DF-04803E90F7A5} = {DD8074B1-90CB-46C3-B11A-9EB6203CB442}
		{FE016FA7-564C-4661-BC40-C10E675F1ABA} = {DD8074B1-90CB-46C3-B11A-9EB6203CB442}
		{6FAB3A8A-5EF7-4C78-8E92-04BC48F2853D} = {DD8074B1-90CB-46C3-B11A-9EB6203CB442}
		{C6C715F6-3DB6-4A2F-BEFD-41905EA33798} = {DD8074B1-90CB-46C3-B11A-9EB6203CB442}
		{21D82BD7-0CB3-447A-A72D-0527EA6B73CB} = {DD8074B1-90CB-46C3-B11A-9EB6203CB442}
		{BBE5088E-BAB7-459D-B58C-6C2ED6B6CBA6} = {DD8074B1-90CB-46C3-B11A-9EB6203CB442}
		{D609B894-6BC2-49FD-80A4-FE8965714B11} = {DD8074B1-90CB-46C3-B11A-9EB6203CB442}
		{D3A06B78-B402-4920-80F3-675D69D5CA10} = {DD8074B1-90CB-46C3-B11A-9EB6203CB442}
		{CE8F3D6C-F956-4EE9-BC32-12E2B7D2FB9C} = {DD8074B1-90CB-46C3-B11A-9EB6203CB442}
		{A0C515D4-1B6E-40A9-B231-B001F605BEA8} = {DD8074B1-90CB-46C3-B11A-9EB6203CB442}
		{8F0DAA99-F85E-4CD5-9394-27C0F11099C7} = {DD8074B1-90CB-46C3-B11A-9EB6203CB442}
		{1BB6A9CE-C355-4024-A21F-0D639FBB7ABD} = {DD8074B1-90CB-46C3-B11A-9EB6203CB442}
		{033B4494-7762-48F4-A666-DA10B645C172} = {DD8074B1-90CB-46C3-B11A-9EB6203CB442}
		{29186A05-B58B-4821-961B-829B395D3772} = {DD8074B1-90CB-46C3-B11A-9EB6203CB442}
		{96D61D7B-9B65-4032-9D86-90BBA7252B88} = {DD8074B1-90CB-46C3-B11A-9EB6203CB442}
		{FF0E1028-CDC6-4D4C-A0C4-47F16D046164} = {DD8074B1-90CB-46C3-B11A-9EB6203CB442}
		{71D0AD8F-20A1-4EB8-B506-8D5C3849C170} = {DD8074B1-90CB-46C3-B11A-9EB6203CB442}
		{260C394A-93F8-4956-95E1-16DB933B8E2B} = {DD8074B1-90CB-46C3-B11A-9EB6203CB442}
		{46B2D5C2-422C-41CB-8163-1E3868143897} = {8071BB26-9EB5-4B51-82A6-CD6FBB697166}
		{2D51DCB7-11BB-4C54-9E11-C1C45165FBD4} = {D8BDEC83-315F-4F47-B65A-B375B65A6578}
		{0C58AC31-E005-4F52-ABBE-14D48CD4F6FB} = {2D51DCB7-11BB-4C54-9E11-C1C45165FBD4}
		{9FE2C581-C19A-48CB-BA12-9A526CE53708} = {2D51DCB7-11BB-4C54-9E11-C1C45165FBD4}
	EndGlobalSection
EndGlobal
